<?xml version="1.0" encoding="utf-8"?>
<Project ToolsVersion="4.0" xmlns="http://schemas.microsoft.com/developer/msbuild/2003">
  <ItemGroup>
    <Filter Include="Build scripts">
      <UniqueIdentifier>{7c452596-8807-4a57-b7d4-6d6c3baf1c33}</UniqueIdentifier>
    </Filter>
    <Filter Include="Platform Code">
      <UniqueIdentifier>{ebb870f9-8ae2-4437-a8d7-bd93c8a21ac0}</UniqueIdentifier>
    </Filter>
    <Filter Include="Game Code">
      <UniqueIdentifier>{10b24934-44f4-402a-a9be-e1e0c353efbd}</UniqueIdentifier>
    </Filter>
    <Filter Include="Documentation">
      <UniqueIdentifier>{ac274282-3678-47f5-8a0e-eb80a41e2274}</UniqueIdentifier>
    </Filter>
  </ItemGroup>
  <ItemGroup>
    <ClCompile Include="win32_handmade.cpp">
      <Filter>Platform Code</Filter>
    </ClCompile>
    <ClCompile Include="handmade.cpp">
      <Filter>Game Code</Filter>
    </ClCompile>
  </ItemGroup>
  <ItemGroup>
    <ClInclude Include="win32_handmade.h">
      <Filter>Platform Code</Filter>
    </ClInclude>
    <ClInclude Include="handmade.h">
      <Filter>Game Code</Filter>
    </ClInclude>
    <ClInclude Include="types.h">
      <Filter>Game Code</Filter>
    </ClInclude>
  </ItemGroup>
  <ItemGroup>
    <None Include="build_x64.bat">
      <Filter>Build scripts</Filter>
    </None>
    <None Include="build_x86.bat">
      <Filter>Build scripts</Filter>
    </None>
    <None Include=".editorconfig" />
    <None Include="shell_x64.bat">
      <Filter>Build scripts</Filter>
    </None>
    <None Include="shell_x86.bat">
      <Filter>Build scripts</Filter>
    </None>
    <None Include="README.md">
      <Filter>Documentation</Filter>
    </None>
  </ItemGroup>
</Project>